
Microsoft Visual Studio Solution File, Format Version 12.00
# Visual Studio 15
VisualStudioVersion = 15.0.27130.2036
MinimumVisualStudioVersion = 10.0.40219.1
Project("{FAE04EC0-301F-11D3-BF4B-00C04F79EFBC}") = "WMMT5 Resolution Patcher", "WMMT5 Resolution Patcher.csproj", "{3A9F7AB6-7EA7-4C87-B5A4-FE87A8C81F82}"
EndProject
Global
	GlobalSection(SolutionConfigurationPlatforms) = preSolution
		Debug|Any CPU = Debug|Any CPU
		Release|Any CPU = Release|Any CPU
	EndGlobalSection
	GlobalSection(ProjectConfigurationPlatforms) = postSolution
		{3A9F7AB6-7EA7-4C87-B5A4-FE87A8C81F82}.Debug|Any CPU.ActiveCfg = Debug|Any CPU
		{3A9F7AB6-7EA7-4C87-B5A4-FE87A8C81F82}.Debug|Any CPU.Build.0 = Debug|Any CPU
		{3A9F7AB6-7EA7-4C87-B5A4-FE87A8C81F82}.Release|Any CPU.ActiveCfg = Release|Any CPU
		{3A9F7AB6-7EA7-4C87-B5A4-FE87A8C81F82}.Release|Any CPU.Build.0 = Release|Any CPU
	EndGlobalSection
	GlobalSection(SolutionProperties) = preSolution
		HideSolutionNode = FALSE
	EndGlobalSection
	GlobalSection(ExtensibilityGlobals) = postSolution
		SolutionGuid = {7CABC096-C552-46AB-A74C-15D1FC330055}
	EndGlobalSection
EndGlobal
